{
  "name": "usemodule-homework-1",
  "version": "1.0.0",
  "lockfileVersion": 2,
  "requires": true,
  "packages": {
    "": {
      "name": "usemodule-homework-1",
      "version": "1.0.0",
      "license": "ISC",
      "dependencies": {
        "homework1-arrays-module": "^1.3.0"
      }
    },
    "node_modules/homework1-arrays-module": {
      "version": "1.3.0",
      "resolved": "https://registry.npmjs.org/homework1-arrays-module/-/homework1-arrays-module-1.3.0.tgz",
      "integrity": "sha512-Z41h6x6YqSKymjpU547Z3ND+khSZMJ2upOKCmjd18LSoCk58DBDrKBabehkyvONVXeh4utaHH2yvyrNC/37xzA=="
    }
  },
  "dependencies": {
    "homework1-arrays-module": {
      "version": "1.3.0",
      "resolved": "https://registry.npmjs.org/homework1-arrays-module/-/homework1-arrays-module-1.3.0.tgz",
      "integrity": "sha512-Z41h6x6YqSKymjpU547Z3ND+khSZMJ2upOKCmjd18LSoCk58DBDrKBabehkyvONVXeh4utaHH2yvyrNC/37xzA=="
    }
  }
}
